
Microsoft Visual Studio Solution File, Format Version 12.00
# Visual Studio Version 16
VisualStudioVersion = 16.0.30204.135
MinimumVisualStudioVersion = 10.0.40219.1
Project("{9A19103F-16F7-4668-BE54-9A1E7A4F7556}") = "FriendsBirthday", "FriendsBirthday\FriendsBirthday.csproj", "{CC66EA84-D8AE-4E41-B15D-DF0470CDFC6A}"
EndProject
Project("{9A19103F-16F7-4668-BE54-9A1E7A4F7556}") = "FriendsBirthday.Model", "FriendsBirthday.Model\FriendsBirthday.Model.csproj", "{98523AF0-20C9-427E-9AC9-1BB55CC0FB12}"
EndProject
Project("{9A19103F-16F7-4668-BE54-9A1E7A4F7556}") = "FriendsBirthday.Repository", "FriendsBirthday.Repository\FriendsBirthday.Repository.csproj", "{6B7BCE0B-F3AC-41AF-824A-60CEB5FF215C}"
EndProject
Project("{9A19103F-16F7-4668-BE54-9A1E7A4F7556}") = "FriendsBirthday.Calculator", "FriendsBirthday.Calculator\FriendsBirthday.Calculator.csproj", "{1DBD9EE0-5AD4-4E0F-B1EB-C98AAF67FDBB}"
EndProject
Project("{FAE04EC0-301F-11D3-BF4B-00C04F79EFBC}") = "FriendsBirthday.Test", "FriendsBirthday.Test\FriendsBirthday.Test.csproj", "{61BA69D5-08A5-424C-9F5F-032CE61DCAA9}"
EndProject
Global
	GlobalSection(SolutionConfigurationPlatforms) = preSolution
		Debug|Any CPU = Debug|Any CPU
		Release|Any CPU = Release|Any CPU
	EndGlobalSection
	GlobalSection(ProjectConfigurationPlatforms) = postSolution
		{CC66EA84-D8AE-4E41-B15D-DF0470CDFC6A}.Debug|Any CPU.ActiveCfg = Debug|Any CPU
		{CC66EA84-D8AE-4E41-B15D-DF0470CDFC6A}.Debug|Any CPU.Build.0 = Debug|Any CPU
		{CC66EA84-D8AE-4E41-B15D-DF0470CDFC6A}.Release|Any CPU.ActiveCfg = Release|Any CPU
		{CC66EA84-D8AE-4E41-B15D-DF0470CDFC6A}.Release|Any CPU.Build.0 = Release|Any CPU
		{98523AF0-20C9-427E-9AC9-1BB55CC0FB12}.Debug|Any CPU.ActiveCfg = Debug|Any CPU
		{98523AF0-20C9-427E-9AC9-1BB55CC0FB12}.Debug|Any CPU.Build.0 = Debug|Any CPU
		{98523AF0-20C9-427E-9AC9-1BB55CC0FB12}.Release|Any CPU.ActiveCfg = Release|Any CPU
		{98523AF0-20C9-427E-9AC9-1BB55CC0FB12}.Release|Any CPU.Build.0 = Release|Any CPU
		{6B7BCE0B-F3AC-41AF-824A-60CEB5FF215C}.Debug|Any CPU.ActiveCfg = Debug|Any CPU
		{6B7BCE0B-F3AC-41AF-824A-60CEB5FF215C}.Debug|Any CPU.Build.0 = Debug|Any CPU
		{6B7BCE0B-F3AC-41AF-824A-60CEB5FF215C}.Release|Any CPU.ActiveCfg = Release|Any CPU
		{6B7BCE0B-F3AC-41AF-824A-60CEB5FF215C}.Release|Any CPU.Build.0 = Release|Any CPU
		{1DBD9EE0-5AD4-4E0F-B1EB-C98AAF67FDBB}.Debug|Any CPU.ActiveCfg = Debug|Any CPU
		{1DBD9EE0-5AD4-4E0F-B1EB-C98AAF67FDBB}.Debug|Any CPU.Build.0 = Debug|Any CPU
		{1DBD9EE0-5AD4-4E0F-B1EB-C98AAF67FDBB}.Release|Any CPU.ActiveCfg = Release|Any CPU
		{1DBD9EE0-5AD4-4E0F-B1EB-C98AAF67FDBB}.Release|Any CPU.Build.0 = Release|Any CPU
		{61BA69D5-08A5-424C-9F5F-032CE61DCAA9}.Debug|Any CPU.ActiveCfg = Debug|Any CPU
		{61BA69D5-08A5-424C-9F5F-032CE61DCAA9}.Debug|Any CPU.Build.0 = Debug|Any CPU
		{61BA69D5-08A5-424C-9F5F-032CE61DCAA9}.Release|Any CPU.ActiveCfg = Release|Any CPU
		{61BA69D5-08A5-424C-9F5F-032CE61DCAA9}.Release|Any CPU.Build.0 = Release|Any CPU
	EndGlobalSection
	GlobalSection(SolutionProperties) = preSolution
		HideSolutionNode = FALSE
	EndGlobalSection
	GlobalSection(ExtensibilityGlobals) = postSolution
		SolutionGuid = {BCD0F40E-F78B-4239-8823-B9CC60F1E395}
	EndGlobalSection
EndGlobal
